
Microsoft Visual Studio Solution File, Format Version 12.00
# Visual Studio Version 17
VisualStudioVersion = 17.1.32210.238
MinimumVisualStudioVersion = 10.0.40219.1
Project("{FAE04EC0-301F-11D3-BF4B-00C04F79EFBC}") = "FindMaxUsingGenerics", "FindMaxUsingGenerics\FindMaxUsingGenerics.csproj", "{FED51D1F-E952-4DF9-9A88-6F431C7DA77B}"
EndProject
Global
	GlobalSection(SolutionConfigurationPlatforms) = preSolution
		Debug|Any CPU = Debug|Any CPU
		Release|Any CPU = Release|Any CPU
	EndGlobalSection
	GlobalSection(ProjectConfigurationPlatforms) = postSolution
		{FED51D1F-E952-4DF9-9A88-6F431C7DA77B}.Debug|Any CPU.ActiveCfg = Debug|Any CPU
		{FED51D1F-E952-4DF9-9A88-6F431C7DA77B}.Debug|Any CPU.Build.0 = Debug|Any CPU
		{FED51D1F-E952-4DF9-9A88-6F431C7DA77B}.Release|Any CPU.ActiveCfg = Release|Any CPU
		{FED51D1F-E952-4DF9-9A88-6F431C7DA77B}.Release|Any CPU.Build.0 = Release|Any CPU
	EndGlobalSection
	GlobalSection(SolutionProperties) = preSolution
		HideSolutionNode = FALSE
	EndGlobalSection
	GlobalSection(ExtensibilityGlobals) = postSolution
		SolutionGuid = {B571A0B3-588F-479A-ADFF-70386B2DC0E9}
	EndGlobalSection
EndGlobal
